// !$*UTF8*$!
{
	archiveVersion = 1;
	classes = {
	};
	objectVersion = 51;
	objects = {

/* Begin PBXBuildFile section */
		1D43F0AB26F5B07C007CFA4D /* AppDelegate.swift in Sources */ = {isa = PBXBuildFile; fileRef = 1D43F0AA26F5B07C007CFA4D /* AppDelegate.swift */; };
		1D43F0AD26F5B07C007CFA4D /* SceneDelegate.swift in Sources */ = {isa = PBXBuildFile; fileRef = 1D43F0AC26F5B07C007CFA4D /* SceneDelegate.swift */; };
		1D43F0AF26F5B07C007CFA4D /* MainViewController.swift in Sources */ = {isa = PBXBuildFile; fileRef = 1D43F0AE26F5B07C007CFA4D /* MainViewController.swift */; };
		1D43F0B426F5B07F007CFA4D /* Assets.xcassets in Resources */ = {isa = PBXBuildFile; fileRef = 1D43F0B326F5B07F007CFA4D /* Assets.xcassets */; };
		1D43F0B726F5B07F007CFA4D /* LaunchScreen.storyboard in Resources */ = {isa = PBXBuildFile; fileRef = 1D43F0B526F5B07F007CFA4D /* LaunchScreen.storyboard */; };
		1D43F0C326F5B9F8007CFA4D /* TodayViewController.swift in Sources */ = {isa = PBXBuildFile; fileRef = 1D43F0C226F5B9F8007CFA4D /* TodayViewController.swift */; };
		1D43F0C526F5BA03007CFA4D /* ForecastViewController.swift in Sources */ = {isa = PBXBuildFile; fileRef = 1D43F0C426F5BA03007CFA4D /* ForecastViewController.swift */; };
		1D43F0CB26F5C0DE007CFA4D /* R.generated.swift in Sources */ = {isa = PBXBuildFile; fileRef = 1D43F0CA26F5C0DE007CFA4D /* R.generated.swift */; };
		1D43F0D026F5C30E007CFA4D /* Localizable.strings in Resources */ = {isa = PBXBuildFile; fileRef = 1D43F0D226F5C30E007CFA4D /* Localizable.strings */; };
		1D43F0D426F5C4B3007CFA4D /* TodayInteractor.swift in Sources */ = {isa = PBXBuildFile; fileRef = 1D43F0D326F5C4B3007CFA4D /* TodayInteractor.swift */; };
		1D43F0D626F5C4DC007CFA4D /* TodayInitializer.swift in Sources */ = {isa = PBXBuildFile; fileRef = 1D43F0D526F5C4DC007CFA4D /* TodayInitializer.swift */; };
		1D43F0D826F5C7DC007CFA4D /* TodayViewController+Layout.swift in Sources */ = {isa = PBXBuildFile; fileRef = 1D43F0D726F5C7DC007CFA4D /* TodayViewController+Layout.swift */; };
		1D43F0DB26F5C852007CFA4D /* StyleExtensions.swift in Sources */ = {isa = PBXBuildFile; fileRef = 1D43F0DA26F5C852007CFA4D /* StyleExtensions.swift */; };
		1D43F0DE26F5CAC4007CFA4D /* ScreenTitleView.swift in Sources */ = {isa = PBXBuildFile; fileRef = 1D43F0DD26F5CAC4007CFA4D /* ScreenTitleView.swift */; };
		1D43F0E026F5E364007CFA4D /* UIStackViewExtension.swift in Sources */ = {isa = PBXBuildFile; fileRef = 1D43F0DF26F5E364007CFA4D /* UIStackViewExtension.swift */; };
		1D43F0E226F5F907007CFA4D /* RectangularDashedView.swift in Sources */ = {isa = PBXBuildFile; fileRef = 1D43F0E126F5F907007CFA4D /* RectangularDashedView.swift */; };
		1D43F0E626F5FEDF007CFA4D /* FirebaseDataStore.swift in Sources */ = {isa = PBXBuildFile; fileRef = 1D43F0E526F5FEDF007CFA4D /* FirebaseDataStore.swift */; };
		1D43F0E826F60121007CFA4D /* CurrentWeather.swift in Sources */ = {isa = PBXBuildFile; fileRef = 1D43F0E726F60121007CFA4D /* CurrentWeather.swift */; };
		1D43F0EA26F60291007CFA4D /* UIAlertControllerExtension.swift in Sources */ = {isa = PBXBuildFile; fileRef = 1D43F0E926F60291007CFA4D /* UIAlertControllerExtension.swift */; };
		1D43F0EC26F602B1007CFA4D /* UIWindowExtension.swift in Sources */ = {isa = PBXBuildFile; fileRef = 1D43F0EB26F602B1007CFA4D /* UIWindowExtension.swift */; };
		1D43F0EE26F605EB007CFA4D /* GoogleService-Info.plist in Resources */ = {isa = PBXBuildFile; fileRef = 1D43F0ED26F605EB007CFA4D /* GoogleService-Info.plist */; };
		1D43F0F026F63FDF007CFA4D /* TodayPresenter.swift in Sources */ = {isa = PBXBuildFile; fileRef = 1D43F0EF26F63FDF007CFA4D /* TodayPresenter.swift */; };
		1DD3A1EF26F6534400CD441B /* LocationUtility.swift in Sources */ = {isa = PBXBuildFile; fileRef = 1DD3A1EE26F6534400CD441B /* LocationUtility.swift */; };
		1DD3A1F126F7000F00CD441B /* ForecastViewController+Layout.swift in Sources */ = {isa = PBXBuildFile; fileRef = 1DD3A1F026F7000F00CD441B /* ForecastViewController+Layout.swift */; };
		1DD3A1F326F7006700CD441B /* ForecastInitializer.swift in Sources */ = {isa = PBXBuildFile; fileRef = 1DD3A1F226F7006700CD441B /* ForecastInitializer.swift */; };
		1DD3A1F526F700D000CD441B /* ForecastInteractor.swift in Sources */ = {isa = PBXBuildFile; fileRef = 1DD3A1F426F700D000CD441B /* ForecastInteractor.swift */; };
		1DD3A1F726F7010C00CD441B /* ForecastPresenter.swift in Sources */ = {isa = PBXBuildFile; fileRef = 1DD3A1F626F7010C00CD441B /* ForecastPresenter.swift */; };
		1DD3A1F926F705A900CD441B /* Forecast.swift in Sources */ = {isa = PBXBuildFile; fileRef = 1DD3A1F826F705A900CD441B /* Forecast.swift */; };
		1DD3A1FC26F7074600CD441B /* WeatherIconUtility.swift in Sources */ = {isa = PBXBuildFile; fileRef = 1DD3A1FB26F7074600CD441B /* WeatherIconUtility.swift */; };
		1DD3A1FE26F71DF400CD441B /* ForecastSectionViewModel.swift in Sources */ = {isa = PBXBuildFile; fileRef = 1DD3A1FD26F71DF400CD441B /* ForecastSectionViewModel.swift */; };
		1DD3A20026F71E1600CD441B /* WeatherDetailModel.swift in Sources */ = {isa = PBXBuildFile; fileRef = 1DD3A1FF26F71E1600CD441B /* WeatherDetailModel.swift */; };
		1DD3A20426F730C000CD441B /* ForecastViewModel.swift in Sources */ = {isa = PBXBuildFile; fileRef = 1DD3A20326F730C000CD441B /* ForecastViewModel.swift */; };
		9FA6D5C55D24E82E784F0925 /* Pods_Weather.framework in Frameworks */ = {isa = PBXBuildFile; fileRef = 54D6D798055C714FBA7B876A /* Pods_Weather.framework */; };
/* End PBXBuildFile section */

/* Begin PBXFileReference section */
		1A9D68B34171159467E6BE88 /* Pods-Weather.debug.xcconfig */ = {isa = PBXFileReference; includeInIndex = 1; lastKnownFileType = text.xcconfig; name = "Pods-Weather.debug.xcconfig"; path = "Target Support Files/Pods-Weather/Pods-Weather.debug.xcconfig"; sourceTree = "<group>"; };
		1D43F0A726F5B07C007CFA4D /* Weather.app */ = {isa = PBXFileReference; explicitFileType = wrapper.application; includeInIndex = 0; path = Weather.app; sourceTree = BUILT_PRODUCTS_DIR; };
		1D43F0AA26F5B07C007CFA4D /* AppDelegate.swift */ = {isa = PBXFileReference; lastKnownFileType = sourcecode.swift; path = AppDelegate.swift; sourceTree = "<group>"; };
		1D43F0AC26F5B07C007CFA4D /* SceneDelegate.swift */ = {isa = PBXFileReference; lastKnownFileType = sourcecode.swift; path = SceneDelegate.swift; sourceTree = "<group>"; };
		1D43F0AE26F5B07C007CFA4D /* MainViewController.swift */ = {isa = PBXFileReference; lastKnownFileType = sourcecode.swift; path = MainViewController.swift; sourceTree = "<group>"; };
		1D43F0B326F5B07F007CFA4D /* Assets.xcassets */ = {isa = PBXFileReference; lastKnownFileType = folder.assetcatalog; path = Assets.xcassets; sourceTree = "<group>"; };
		1D43F0B626F5B07F007CFA4D /* Base */ = {isa = PBXFileReference; lastKnownFileType = file.storyboard; name = Base; path = Base.lproj/LaunchScreen.storyboard; sourceTree = "<group>"; };
		1D43F0B826F5B07F007CFA4D /* Info.plist */ = {isa = PBXFileReference; lastKnownFileType = text.plist.xml; path = Info.plist; sourceTree = "<group>"; };
		1D43F0C226F5B9F8007CFA4D /* TodayViewController.swift */ = {isa = PBXFileReference; lastKnownFileType = sourcecode.swift; path = TodayViewController.swift; sourceTree = "<group>"; };
		1D43F0C426F5BA03007CFA4D /* ForecastViewController.swift */ = {isa = PBXFileReference; lastKnownFileType = sourcecode.swift; path = ForecastViewController.swift; sourceTree = "<group>"; };
		1D43F0CA26F5C0DE007CFA4D /* R.generated.swift */ = {isa = PBXFileReference; fileEncoding = 4; lastKnownFileType = sourcecode.swift; path = R.generated.swift; sourceTree = SOURCE_ROOT; };
		1D43F0D126F5C30E007CFA4D /* en */ = {isa = PBXFileReference; lastKnownFileType = text.plist.strings; name = en; path = en.lproj/Localizable.strings; sourceTree = "<group>"; };
		1D43F0D326F5C4B3007CFA4D /* TodayInteractor.swift */ = {isa = PBXFileReference; lastKnownFileType = sourcecode.swift; path = TodayInteractor.swift; sourceTree = "<group>"; };
		1D43F0D526F5C4DC007CFA4D /* TodayInitializer.swift */ = {isa = PBXFileReference; lastKnownFileType = sourcecode.swift; path = TodayInitializer.swift; sourceTree = "<group>"; };
		1D43F0D726F5C7DC007CFA4D /* TodayViewController+Layout.swift */ = {isa = PBXFileReference; lastKnownFileType = sourcecode.swift; path = "TodayViewController+Layout.swift"; sourceTree = "<group>"; };
		1D43F0DA26F5C852007CFA4D /* StyleExtensions.swift */ = {isa = PBXFileReference; lastKnownFileType = sourcecode.swift; path = StyleExtensions.swift; sourceTree = "<group>"; };
		1D43F0DD26F5CAC4007CFA4D /* ScreenTitleView.swift */ = {isa = PBXFileReference; lastKnownFileType = sourcecode.swift; path = ScreenTitleView.swift; sourceTree = "<group>"; };
		1D43F0DF26F5E364007CFA4D /* UIStackViewExtension.swift */ = {isa = PBXFileReference; lastKnownFileType = sourcecode.swift; path = UIStackViewExtension.swift; sourceTree = "<group>"; };
		1D43F0E126F5F907007CFA4D /* RectangularDashedView.swift */ = {isa = PBXFileReference; lastKnownFileType = sourcecode.swift; path = RectangularDashedView.swift; sourceTree = "<group>"; };
		1D43F0E526F5FEDF007CFA4D /* FirebaseDataStore.swift */ = {isa = PBXFileReference; lastKnownFileType = sourcecode.swift; path = FirebaseDataStore.swift; sourceTree = "<group>"; };
		1D43F0E726F60121007CFA4D /* CurrentWeather.swift */ = {isa = PBXFileReference; lastKnownFileType = sourcecode.swift; path = CurrentWeather.swift; sourceTree = "<group>"; };
		1D43F0E926F60291007CFA4D /* UIAlertControllerExtension.swift */ = {isa = PBXFileReference; lastKnownFileType = sourcecode.swift; path = UIAlertControllerExtension.swift; sourceTree = "<group>"; };
		1D43F0EB26F602B1007CFA4D /* UIWindowExtension.swift */ = {isa = PBXFileReference; lastKnownFileType = sourcecode.swift; path = UIWindowExtension.swift; sourceTree = "<group>"; };
		1D43F0ED26F605EB007CFA4D /* GoogleService-Info.plist */ = {isa = PBXFileReference; fileEncoding = 4; lastKnownFileType = text.plist.xml; path = "GoogleService-Info.plist"; sourceTree = "<group>"; };
		1D43F0EF26F63FDF007CFA4D /* TodayPresenter.swift */ = {isa = PBXFileReference; lastKnownFileType = sourcecode.swift; path = TodayPresenter.swift; sourceTree = "<group>"; };
		1DD3A1EE26F6534400CD441B /* LocationUtility.swift */ = {isa = PBXFileReference; lastKnownFileType = sourcecode.swift; path = LocationUtility.swift; sourceTree = "<group>"; };
		1DD3A1F026F7000F00CD441B /* ForecastViewController+Layout.swift */ = {isa = PBXFileReference; lastKnownFileType = sourcecode.swift; path = "ForecastViewController+Layout.swift"; sourceTree = "<group>"; };
		1DD3A1F226F7006700CD441B /* ForecastInitializer.swift */ = {isa = PBXFileReference; lastKnownFileType = sourcecode.swift; path = ForecastInitializer.swift; sourceTree = "<group>"; };
		1DD3A1F426F700D000CD441B /* ForecastInteractor.swift */ = {isa = PBXFileReference; lastKnownFileType = sourcecode.swift; path = ForecastInteractor.swift; sourceTree = "<group>"; };
		1DD3A1F626F7010C00CD441B /* ForecastPresenter.swift */ = {isa = PBXFileReference; lastKnownFileType = sourcecode.swift; path = ForecastPresenter.swift; sourceTree = "<group>"; };
		1DD3A1F826F705A900CD441B /* Forecast.swift */ = {isa = PBXFileReference; lastKnownFileType = sourcecode.swift; path = Forecast.swift; sourceTree = "<group>"; };
		1DD3A1FB26F7074600CD441B /* WeatherIconUtility.swift */ = {isa = PBXFileReference; lastKnownFileType = sourcecode.swift; path = WeatherIconUtility.swift; sourceTree = "<group>"; };
		1DD3A1FD26F71DF400CD441B /* ForecastSectionViewModel.swift */ = {isa = PBXFileReference; lastKnownFileType = sourcecode.swift; path = ForecastSectionViewModel.swift; sourceTree = "<group>"; };
		1DD3A1FF26F71E1600CD441B /* WeatherDetailModel.swift */ = {isa = PBXFileReference; lastKnownFileType = sourcecode.swift; path = WeatherDetailModel.swift; sourceTree = "<group>"; };
		1DD3A20326F730C000CD441B /* ForecastViewModel.swift */ = {isa = PBXFileReference; lastKnownFileType = sourcecode.swift; path = ForecastViewModel.swift; sourceTree = "<group>"; };
		54D6D798055C714FBA7B876A /* Pods_Weather.framework */ = {isa = PBXFileReference; explicitFileType = wrapper.framework; includeInIndex = 0; path = Pods_Weather.framework; sourceTree = BUILT_PRODUCTS_DIR; };
		932A5EF341D83061FDC9DCCB /* Pods-Weather.release.xcconfig */ = {isa = PBXFileReference; includeInIndex = 1; lastKnownFileType = text.xcconfig; name = "Pods-Weather.release.xcconfig"; path = "Target Support Files/Pods-Weather/Pods-Weather.release.xcconfig"; sourceTree = "<group>"; };
/* End PBXFileReference section */

/* Begin PBXFrameworksBuildPhase section */
		1D43F0A426F5B07C007CFA4D /* Frameworks */ = {
			isa = PBXFrameworksBuildPhase;
			buildActionMask = 2147483647;
			files = (
				9FA6D5C55D24E82E784F0925 /* Pods_Weather.framework in Frameworks */,
			);
			runOnlyForDeploymentPostprocessing = 0;
		};
/* End PBXFrameworksBuildPhase section */

/* Begin PBXGroup section */
		1D43F09E26F5B07C007CFA4D = {
			isa = PBXGroup;
			children = (
				1D43F0A926F5B07C007CFA4D /* Weather */,
				1D43F0A826F5B07C007CFA4D /* Products */,
				8B93CE957C6E7D4D49C0C66D /* Pods */,
				BDD8A60AE84699E98CB69018 /* Frameworks */,
			);
			sourceTree = "<group>";
		};
		1D43F0A826F5B07C007CFA4D /* Products */ = {
			isa = PBXGroup;
			children = (
				1D43F0A726F5B07C007CFA4D /* Weather.app */,
			);
			name = Products;
			sourceTree = "<group>";
		};
		1D43F0A926F5B07C007CFA4D /* Weather */ = {
			isa = PBXGroup;
			children = (
				1D43F0C026F5B9AB007CFA4D /* AppDelegate */,
				1D43F0C126F5B9D5007CFA4D /* Controllers */,
				1D43F0E326F5FA2B007CFA4D /* DataModels */,
				1D43F0E426F5FE6D007CFA4D /* DataStore */,
				1D43F0D926F5C848007CFA4D /* Extensions */,
				1D43F0C826F5BB37007CFA4D /* Resources */,
				1DD3A1FA26F7072700CD441B /* Utility */,
				1DD3A20526F732C800CD441B /* ViewModels */,
				1D43F0DC26F5CAAF007CFA4D /* Views */,
			);
			path = Weather;
			sourceTree = "<group>";
		};
		1D43F0C026F5B9AB007CFA4D /* AppDelegate */ = {
			isa = PBXGroup;
			children = (
				1D43F0AA26F5B07C007CFA4D /* AppDelegate.swift */,
				1D43F0AC26F5B07C007CFA4D /* SceneDelegate.swift */,
			);
			path = AppDelegate;
			sourceTree = "<group>";
		};
		1D43F0C126F5B9D5007CFA4D /* Controllers */ = {
			isa = PBXGroup;
			children = (
				1D43F0AE26F5B07C007CFA4D /* MainViewController.swift */,
				1D43F0C626F5BA0C007CFA4D /* Today */,
				1D43F0C726F5BA13007CFA4D /* Forecast */,
			);
			path = Controllers;
			sourceTree = "<group>";
		};
		1D43F0C626F5BA0C007CFA4D /* Today */ = {
			isa = PBXGroup;
			children = (
				1D43F0D526F5C4DC007CFA4D /* TodayInitializer.swift */,
				1D43F0D326F5C4B3007CFA4D /* TodayInteractor.swift */,
				1D43F0EF26F63FDF007CFA4D /* TodayPresenter.swift */,
				1D43F0C226F5B9F8007CFA4D /* TodayViewController.swift */,
				1D43F0D726F5C7DC007CFA4D /* TodayViewController+Layout.swift */,
			);
			path = Today;
			sourceTree = "<group>";
		};
		1D43F0C726F5BA13007CFA4D /* Forecast */ = {
			isa = PBXGroup;
			children = (
				1DD3A1F226F7006700CD441B /* ForecastInitializer.swift */,
				1DD3A1F426F700D000CD441B /* ForecastInteractor.swift */,
				1DD3A1F626F7010C00CD441B /* ForecastPresenter.swift */,
				1D43F0C426F5BA03007CFA4D /* ForecastViewController.swift */,
				1DD3A1F026F7000F00CD441B /* ForecastViewController+Layout.swift */,
			);
			path = Forecast;
			sourceTree = "<group>";
		};
		1D43F0C826F5BB37007CFA4D /* Resources */ = {
			isa = PBXGroup;
			children = (
				1D43F0B326F5B07F007CFA4D /* Assets.xcassets */,
				1D43F0B826F5B07F007CFA4D /* Info.plist */,
				1D43F0B526F5B07F007CFA4D /* LaunchScreen.storyboard */,
				1D43F0D226F5C30E007CFA4D /* Localizable.strings */,
				1D43F0CA26F5C0DE007CFA4D /* R.generated.swift */,
				1D43F0ED26F605EB007CFA4D /* GoogleService-Info.plist */,
			);
			name = Resources;
			sourceTree = "<group>";
		};
		1D43F0D926F5C848007CFA4D /* Extensions */ = {
			isa = PBXGroup;
			children = (
				1D43F0DA26F5C852007CFA4D /* StyleExtensions.swift */,
				1D43F0DF26F5E364007CFA4D /* UIStackViewExtension.swift */,
				1D43F0E926F60291007CFA4D /* UIAlertControllerExtension.swift */,
				1D43F0EB26F602B1007CFA4D /* UIWindowExtension.swift */,
			);
			path = Extensions;
			sourceTree = "<group>";
		};
		1D43F0DC26F5CAAF007CFA4D /* Views */ = {
			isa = PBXGroup;
			children = (
				1D43F0DD26F5CAC4007CFA4D /* ScreenTitleView.swift */,
				1D43F0E126F5F907007CFA4D /* RectangularDashedView.swift */,
			);
			path = Views;
			sourceTree = "<group>";
		};
		1D43F0E326F5FA2B007CFA4D /* DataModels */ = {
			isa = PBXGroup;
			children = (
				1D43F0E726F60121007CFA4D /* CurrentWeather.swift */,
				1DD3A1F826F705A900CD441B /* Forecast.swift */,
			);
			path = DataModels;
			sourceTree = "<group>";
		};
		1D43F0E426F5FE6D007CFA4D /* DataStore */ = {
			isa = PBXGroup;
			children = (
				1D43F0E526F5FEDF007CFA4D /* FirebaseDataStore.swift */,
			);
			path = DataStore;
			sourceTree = "<group>";
		};
		1DD3A1FA26F7072700CD441B /* Utility */ = {
			isa = PBXGroup;
			children = (
				1DD3A1EE26F6534400CD441B /* LocationUtility.swift */,
				1DD3A1FB26F7074600CD441B /* WeatherIconUtility.swift */,
			);
			path = Utility;
			sourceTree = "<group>";
		};
		1DD3A20526F732C800CD441B /* ViewModels */ = {
			isa = PBXGroup;
			children = (
				1DD3A1FD26F71DF400CD441B /* ForecastSectionViewModel.swift */,
				1DD3A1FF26F71E1600CD441B /* WeatherDetailModel.swift */,
				1DD3A20326F730C000CD441B /* ForecastViewModel.swift */,
			);
			path = ViewModels;
			sourceTree = "<group>";
		};
		8B93CE957C6E7D4D49C0C66D /* Pods */ = {
			isa = PBXGroup;
			children = (
				1A9D68B34171159467E6BE88 /* Pods-Weather.debug.xcconfig */,
				932A5EF341D83061FDC9DCCB /* Pods-Weather.release.xcconfig */,
			);
			path = Pods;
			sourceTree = "<group>";
		};
		BDD8A60AE84699E98CB69018 /* Frameworks */ = {
			isa = PBXGroup;
			children = (
				54D6D798055C714FBA7B876A /* Pods_Weather.framework */,
			);
			name = Frameworks;
			sourceTree = "<group>";
		};
/* End PBXGroup section */

/* Begin PBXNativeTarget section */
		1D43F0A626F5B07C007CFA4D /* Weather */ = {
			isa = PBXNativeTarget;
			buildConfigurationList = 1D43F0BB26F5B07F007CFA4D /* Build configuration list for PBXNativeTarget "Weather" */;
			buildPhases = (
				D663571EC7EEFF493687BB77 /* [CP] Check Pods Manifest.lock */,
				1D43F0C926F5BFC6007CFA4D /* R swift Script */,
				1D43F0A326F5B07C007CFA4D /* Sources */,
				1D43F0BE26F5B7CE007CFA4D /* Swiftlint */,
				1D43F0A426F5B07C007CFA4D /* Frameworks */,
				1D43F0A526F5B07C007CFA4D /* Resources */,
				14A0D4D21017264597948679 /* [CP] Embed Pods Frameworks */,
			);
			buildRules = (
			);
			dependencies = (
			);
			name = Weather;
			productName = Weather;
			productReference = 1D43F0A726F5B07C007CFA4D /* Weather.app */;
			productType = "com.apple.product-type.application";
		};
/* End PBXNativeTarget section */

/* Begin PBXProject section */
		1D43F09F26F5B07C007CFA4D /* Project object */ = {
			isa = PBXProject;
			attributes = {
				LastSwiftUpdateCheck = 1250;
				LastUpgradeCheck = 1250;
				TargetAttributes = {
					1D43F0A626F5B07C007CFA4D = {
						CreatedOnToolsVersion = 12.5;
					};
				};
			};
			buildConfigurationList = 1D43F0A226F5B07C007CFA4D /* Build configuration list for PBXProject "Weather" */;
			compatibilityVersion = "Xcode 9.3";
			developmentRegion = en;
			hasScannedForEncodings = 0;
			knownRegions = (
				en,
				Base,
			);
			mainGroup = 1D43F09E26F5B07C007CFA4D;
			productRefGroup = 1D43F0A826F5B07C007CFA4D /* Products */;
			projectDirPath = "";
			projectRoot = "";
			targets = (
				1D43F0A626F5B07C007CFA4D /* Weather */,
			);
		};
/* End PBXProject section */

/* Begin PBXResourcesBuildPhase section */
		1D43F0A526F5B07C007CFA4D /* Resources */ = {
			isa = PBXResourcesBuildPhase;
			buildActionMask = 2147483647;
			files = (
				1D43F0B726F5B07F007CFA4D /* LaunchScreen.storyboard in Resources */,
				1D43F0EE26F605EB007CFA4D /* GoogleService-Info.plist in Resources */,
				1D43F0D026F5C30E007CFA4D /* Localizable.strings in Resources */,
				1D43F0B426F5B07F007CFA4D /* Assets.xcassets in Resources */,
			);
			runOnlyForDeploymentPostprocessing = 0;
		};
/* End PBXResourcesBuildPhase section */

/* Begin PBXShellScriptBuildPhase section */
		14A0D4D21017264597948679 /* [CP] Embed Pods Frameworks */ = {
			isa = PBXShellScriptBuildPhase;
			buildActionMask = 2147483647;
			files = (
			);
			inputFileListPaths = (
				"${PODS_ROOT}/Target Support Files/Pods-Weather/Pods-Weather-frameworks-${CONFIGURATION}-input-files.xcfilelist",
			);
			name = "[CP] Embed Pods Frameworks";
			outputFileListPaths = (
				"${PODS_ROOT}/Target Support Files/Pods-Weather/Pods-Weather-frameworks-${CONFIGURATION}-output-files.xcfilelist",
			);
			runOnlyForDeploymentPostprocessing = 0;
			shellPath = /bin/sh;
			shellScript = "\"${PODS_ROOT}/Target Support Files/Pods-Weather/Pods-Weather-frameworks.sh\"\n";
			showEnvVarsInLog = 0;
		};
		1D43F0BE26F5B7CE007CFA4D /* Swiftlint */ = {
			isa = PBXShellScriptBuildPhase;
			buildActionMask = 2147483647;
			files = (
			);
			inputFileListPaths = (
			);
			inputPaths = (
			);
			name = Swiftlint;
			outputFileListPaths = (
			);
			outputPaths = (
			);
			runOnlyForDeploymentPostprocessing = 0;
			shellPath = /bin/sh;
			shellScript = "${PODS_ROOT}/SwiftLint/swiftlint\n";
		};
		1D43F0C926F5BFC6007CFA4D /* R swift Script */ = {
			isa = PBXShellScriptBuildPhase;
			buildActionMask = 2147483647;
			files = (
			);
			inputFileListPaths = (
			);
			inputPaths = (
				"$TEMP_DIR/rswift-lastrun",
			);
			name = "R swift Script";
			outputFileListPaths = (
			);
			outputPaths = (
				$SRCROOT/R.generated.swift,
			);
			runOnlyForDeploymentPostprocessing = 0;
			shellPath = /bin/sh;
			shellScript = "\"$PODS_ROOT/R.swift/rswift\" generate \"$SRCROOT/R.generated.swift\"\n";
		};
		D663571EC7EEFF493687BB77 /* [CP] Check Pods Manifest.lock */ = {
			isa = PBXShellScriptBuildPhase;
			buildActionMask = 2147483647;
			files = (
			);
			inputFileListPaths = (
			);
			inputPaths = (
				"${PODS_PODFILE_DIR_PATH}/Podfile.lock",
				"${PODS_ROOT}/Manifest.lock",
			);
			name = "[CP] Check Pods Manifest.lock";
			outputFileListPaths = (
			);
			outputPaths = (
				"$(DERIVED_FILE_DIR)/Pods-Weather-checkManifestLockResult.txt",
			);
			runOnlyForDeploymentPostprocessing = 0;
			shellPath = /bin/sh;
			shellScript = "diff \"${PODS_PODFILE_DIR_PATH}/Podfile.lock\" \"${PODS_ROOT}/Manifest.lock\" > /dev/null\nif [ $? != 0 ] ; then\n    # print error to STDERR\n    echo \"error: The sandbox is not in sync with the Podfile.lock. Run 'pod install' or update your CocoaPods installation.\" >&2\n    exit 1\nfi\n# This output is used by Xcode 'outputs' to avoid re-running this script phase.\necho \"SUCCESS\" > \"${SCRIPT_OUTPUT_FILE_0}\"\n";
			showEnvVarsInLog = 0;
		};
/* End PBXShellScriptBuildPhase section */

/* Begin PBXSourcesBuildPhase section */
		1D43F0A326F5B07C007CFA4D /* Sources */ = {
			isa = PBXSourcesBuildPhase;
			buildActionMask = 2147483647;
			files = (
				1D43F0C326F5B9F8007CFA4D /* TodayViewController.swift in Sources */,
				1D43F0E026F5E364007CFA4D /* UIStackViewExtension.swift in Sources */,
				1DD3A1FE26F71DF400CD441B /* ForecastSectionViewModel.swift in Sources */,
				1DD3A1F326F7006700CD441B /* ForecastInitializer.swift in Sources */,
				1D43F0AF26F5B07C007CFA4D /* MainViewController.swift in Sources */,
				1D43F0C526F5BA03007CFA4D /* ForecastViewController.swift in Sources */,
				1D43F0EA26F60291007CFA4D /* UIAlertControllerExtension.swift in Sources */,
				1DD3A1F726F7010C00CD441B /* ForecastPresenter.swift in Sources */,
				1DD3A20026F71E1600CD441B /* WeatherDetailModel.swift in Sources */,
				1D43F0E826F60121007CFA4D /* CurrentWeather.swift in Sources */,
				1D43F0DB26F5C852007CFA4D /* StyleExtensions.swift in Sources */,
				1D43F0E226F5F907007CFA4D /* RectangularDashedView.swift in Sources */,
				1D43F0E626F5FEDF007CFA4D /* FirebaseDataStore.swift in Sources */,
				1DD3A20426F730C000CD441B /* ForecastViewModel.swift in Sources */,
				1D43F0AB26F5B07C007CFA4D /* AppDelegate.swift in Sources */,
				1DD3A1F526F700D000CD441B /* ForecastInteractor.swift in Sources */,
				1D43F0AD26F5B07C007CFA4D /* SceneDelegate.swift in Sources */,
				1D43F0DE26F5CAC4007CFA4D /* ScreenTitleView.swift in Sources */,
				1DD3A1FC26F7074600CD441B /* WeatherIconUtility.swift in Sources */,
				1D43F0F026F63FDF007CFA4D /* TodayPresenter.swift in Sources */,
				1DD3A1F926F705A900CD441B /* Forecast.swift in Sources */,
				1DD3A1F126F7000F00CD441B /* ForecastViewController+Layout.swift in Sources */,
				1D43F0D426F5C4B3007CFA4D /* TodayInteractor.swift in Sources */,
				1D43F0EC26F602B1007CFA4D /* UIWindowExtension.swift in Sources */,
				1D43F0D626F5C4DC007CFA4D /* TodayInitializer.swift in Sources */,
				1D43F0CB26F5C0DE007CFA4D /* R.generated.swift in Sources */,
				1D43F0D826F5C7DC007CFA4D /* TodayViewController+Layout.swift in Sources */,
				1DD3A1EF26F6534400CD441B /* LocationUtility.swift in Sources */,
			);
			runOnlyForDeploymentPostprocessing = 0;
		};
/* End PBXSourcesBuildPhase section */

/* Begin PBXVariantGroup section */
		1D43F0B526F5B07F007CFA4D /* LaunchScreen.storyboard */ = {
			isa = PBXVariantGroup;
			children = (
				1D43F0B626F5B07F007CFA4D /* Base */,
			);
			name = LaunchScreen.storyboard;
			sourceTree = "<group>";
		};
		1D43F0D226F5C30E007CFA4D /* Localizable.strings */ = {
			isa = PBXVariantGroup;
			children = (
				1D43F0D126F5C30E007CFA4D /* en */,
			);
			name = Localizable.strings;
			sourceTree = "<group>";
		};
/* End PBXVariantGroup section */

/* Begin XCBuildConfiguration section */
		1D43F0B926F5B07F007CFA4D /* Debug */ = {
			isa = XCBuildConfiguration;
			buildSettings = {
				ALWAYS_SEARCH_USER_PATHS = NO;
				CLANG_ANALYZER_NONNULL = YES;
				CLANG_ANALYZER_NUMBER_OBJECT_CONVERSION = YES_AGGRESSIVE;
				CLANG_CXX_LANGUAGE_STANDARD = "gnu++14";
				CLANG_CXX_LIBRARY = "libc++";
				CLANG_ENABLE_MODULES = YES;
				CLANG_ENABLE_OBJC_ARC = YES;
				CLANG_ENABLE_OBJC_WEAK = YES;
				CLANG_WARN_BLOCK_CAPTURE_AUTORELEASING = YES;
				CLANG_WARN_BOOL_CONVERSION = YES;
				CLANG_WARN_COMMA = YES;
				CLANG_WARN_CONSTANT_CONVERSION = YES;
				CLANG_WARN_DEPRECATED_OBJC_IMPLEMENTATIONS = YES;
				CLANG_WARN_DIRECT_OBJC_ISA_USAGE = YES_ERROR;
				CLANG_WARN_DOCUMENTATION_COMMENTS = YES;
				CLANG_WARN_EMPTY_BODY = YES;
				CLANG_WARN_ENUM_CONVERSION = YES;
				CLANG_WARN_INFINITE_RECURSION = YES;
				CLANG_WARN_INT_CONVERSION = YES;
				CLANG_WARN_NON_LITERAL_NULL_CONVERSION = YES;
				CLANG_WARN_OBJC_IMPLICIT_RETAIN_SELF = YES;
				CLANG_WARN_OBJC_LITERAL_CONVERSION = YES;
				CLANG_WARN_OBJC_ROOT_CLASS = YES_ERROR;
				CLANG_WARN_QUOTED_INCLUDE_IN_FRAMEWORK_HEADER = YES;
				CLANG_WARN_RANGE_LOOP_ANALYSIS = YES;
				CLANG_WARN_STRICT_PROTOTYPES = YES;
				CLANG_WARN_SUSPICIOUS_MOVE = YES;
				CLANG_WARN_UNGUARDED_AVAILABILITY = YES_AGGRESSIVE;
				CLANG_WARN_UNREACHABLE_CODE = YES;
				CLANG_WARN__DUPLICATE_METHOD_MATCH = YES;
				COPY_PHASE_STRIP = NO;
				DEBUG_INFORMATION_FORMAT = dwarf;
				ENABLE_STRICT_OBJC_MSGSEND = YES;
				ENABLE_TESTABILITY = YES;
				GCC_C_LANGUAGE_STANDARD = gnu11;
				GCC_DYNAMIC_NO_PIC = NO;
				GCC_NO_COMMON_BLOCKS = YES;
				GCC_OPTIMIZATION_LEVEL = 0;
				GCC_PREPROCESSOR_DEFINITIONS = (
					"DEBUG=1",
					"$(inherited)",
				);
				GCC_WARN_64_TO_32_BIT_CONVERSION = YES;
				GCC_WARN_ABOUT_RETURN_TYPE = YES_ERROR;
				GCC_WARN_UNDECLARED_SELECTOR = YES;
				GCC_WARN_UNINITIALIZED_AUTOS = YES_AGGRESSIVE;
				GCC_WARN_UNUSED_FUNCTION = YES;
				GCC_WARN_UNUSED_VARIABLE = YES;
				IPHONEOS_DEPLOYMENT_TARGET = 13.0;
				MTL_ENABLE_DEBUG_INFO = INCLUDE_SOURCE;
				MTL_FAST_MATH = YES;
				ONLY_ACTIVE_ARCH = YES;
				SDKROOT = iphoneos;
				SWIFT_ACTIVE_COMPILATION_CONDITIONS = DEBUG;
				SWIFT_OPTIMIZATION_LEVEL = "-Onone";
			};
			name = Debug;
		};
		1D43F0BA26F5B07F007CFA4D /* Release */ = {
			isa = XCBuildConfiguration;
			buildSettings = {
				ALWAYS_SEARCH_USER_PATHS = NO;
				CLANG_ANALYZER_NONNULL = YES;
				CLANG_ANALYZER_NUMBER_OBJECT_CONVERSION = YES_AGGRESSIVE;
				CLANG_CXX_LANGUAGE_STANDARD = "gnu++14";
				CLANG_CXX_LIBRARY = "libc++";
				CLANG_ENABLE_MODULES = YES;
				CLANG_ENABLE_OBJC_ARC = YES;
				CLANG_ENABLE_OBJC_WEAK = YES;
				CLANG_WARN_BLOCK_CAPTURE_AUTORELEASING = YES;
				CLANG_WARN_BOOL_CONVERSION = YES;
				CLANG_WARN_COMMA = YES;
				CLANG_WARN_CONSTANT_CONVERSION = YES;
				CLANG_WARN_DEPRECATED_OBJC_IMPLEMENTATIONS = YES;
				CLANG_WARN_DIRECT_OBJC_ISA_USAGE = YES_ERROR;
				CLANG_WARN_DOCUMENTATION_COMMENTS = YES;
				CLANG_WARN_EMPTY_BODY = YES;
				CLANG_WARN_ENUM_CONVERSION = YES;
				CLANG_WARN_INFINITE_RECURSION = YES;
				CLANG_WARN_INT_CONVERSION = YES;
				CLANG_WARN_NON_LITERAL_NULL_CONVERSION = YES;
				CLANG_WARN_OBJC_IMPLICIT_RETAIN_SELF = YES;
				CLANG_WARN_OBJC_LITERAL_CONVERSION = YES;
				CLANG_WARN_OBJC_ROOT_CLASS = YES_ERROR;
				CLANG_WARN_QUOTED_INCLUDE_IN_FRAMEWORK_HEADER = YES;
				CLANG_WARN_RANGE_LOOP_ANALYSIS = YES;
				CLANG_WARN_STRICT_PROTOTYPES = YES;
				CLANG_WARN_SUSPICIOUS_MOVE = YES;
				CLANG_WARN_UNGUARDED_AVAILABILITY = YES_AGGRESSIVE;
				CLANG_WARN_UNREACHABLE_CODE = YES;
				CLANG_WARN__DUPLICATE_METHOD_MATCH = YES;
				COPY_PHASE_STRIP = NO;
				DEBUG_INFORMATION_FORMAT = "dwarf-with-dsym";
				ENABLE_NS_ASSERTIONS = NO;
				ENABLE_STRICT_OBJC_MSGSEND = YES;
				GCC_C_LANGUAGE_STANDARD = gnu11;
				GCC_NO_COMMON_BLOCKS = YES;
				GCC_WARN_64_TO_32_BIT_CONVERSION = YES;
				GCC_WARN_ABOUT_RETURN_TYPE = YES_ERROR;
				GCC_WARN_UNDECLARED_SELECTOR = YES;
				GCC_WARN_UNINITIALIZED_AUTOS = YES_AGGRESSIVE;
				GCC_WARN_UNUSED_FUNCTION = YES;
				GCC_WARN_UNUSED_VARIABLE = YES;
				IPHONEOS_DEPLOYMENT_TARGET = 13.0;
				MTL_ENABLE_DEBUG_INFO = NO;
				MTL_FAST_MATH = YES;
				SDKROOT = iphoneos;
				SWIFT_COMPILATION_MODE = wholemodule;
				SWIFT_OPTIMIZATION_LEVEL = "-O";
				VALIDATE_PRODUCT = YES;
			};
			name = Release;
		};
		1D43F0BC26F5B07F007CFA4D /* Debug */ = {
			isa = XCBuildConfiguration;
			baseConfigurationReference = 1A9D68B34171159467E6BE88 /* Pods-Weather.debug.xcconfig */;
			buildSettings = {
				ASSETCATALOG_COMPILER_APPICON_NAME = AppIcon;
				ASSETCATALOG_COMPILER_GLOBAL_ACCENT_COLOR_NAME = AccentColor;
				CODE_SIGN_STYLE = Automatic;
				DEVELOPMENT_TEAM = 9GKT45AE6R;
				INFOPLIST_FILE = Weather/Info.plist;
				LD_RUNPATH_SEARCH_PATHS = (
					"$(inherited)",
					"@executable_path/Frameworks",
				);
				PRODUCT_BUNDLE_IDENTIFIER = hr.davtomic.Weather;
				PRODUCT_NAME = "$(TARGET_NAME)";
				SWIFT_VERSION = 5.0;
				TARGETED_DEVICE_FAMILY = "1,2";
			};
			name = Debug;
		};
		1D43F0BD26F5B07F007CFA4D /* Release */ = {
			isa = XCBuildConfiguration;
			baseConfigurationReference = 932A5EF341D83061FDC9DCCB /* Pods-Weather.release.xcconfig */;
			buildSettings = {
				ASSETCATALOG_COMPILER_APPICON_NAME = AppIcon;
				ASSETCATALOG_COMPILER_GLOBAL_ACCENT_COLOR_NAME = AccentColor;
				CODE_SIGN_STYLE = Automatic;
				DEVELOPMENT_TEAM = 9GKT45AE6R;
				INFOPLIST_FILE = Weather/Info.plist;
				LD_RUNPATH_SEARCH_PATHS = (
					"$(inherited)",
					"@executable_path/Frameworks",
				);
				PRODUCT_BUNDLE_IDENTIFIER = hr.davtomic.Weather;
				PRODUCT_NAME = "$(TARGET_NAME)";
				SWIFT_VERSION = 5.0;
				TARGETED_DEVICE_FAMILY = "1,2";
			};
			name = Release;
		};
/* End XCBuildConfiguration section */

/* Begin XCConfigurationList section */
		1D43F0A226F5B07C007CFA4D /* Build configuration list for PBXProject "Weather" */ = {
			isa = XCConfigurationList;
			buildConfigurations = (
				1D43F0B926F5B07F007CFA4D /* Debug */,
				1D43F0BA26F5B07F007CFA4D /* Release */,
			);
			defaultConfigurationIsVisible = 0;
			defaultConfigurationName = Release;
		};
		1D43F0BB26F5B07F007CFA4D /* Build configuration list for PBXNativeTarget "Weather" */ = {
			isa = XCConfigurationList;
			buildConfigurations = (
				1D43F0BC26F5B07F007CFA4D /* Debug */,
				1D43F0BD26F5B07F007CFA4D /* Release */,
			);
			defaultConfigurationIsVisible = 0;
			defaultConfigurationName = Release;
		};
/* End XCConfigurationList section */
	};
	rootObject = 1D43F09F26F5B07C007CFA4D /* Project object */;
}
